{
  "name": "dvr-webui",
  "version": "0.1.0",
  "lockfileVersion": 3,
  "requires": true,
  "packages": {
    "": {
      "name": "dvr-webui",
      "version": "0.1.0",
      "dependencies": {
        "jmuxer": "^2.0.5",
        "ws": "^7.5.13"
      }
    },
    "node_modules/jmuxer": {
      "version": "2.0.5",
      "resolved": "https://registry.npmjs.org/jmuxer/-/jmuxer-2.0.5.tgz",
      "integrity": "sha512-4qjXl8JS138WyCZZoOYwXq/qVrHcE0UIpt2lMtGyq2wuBSPMNSzP1K2CEWSrwAMgjZ9jD7Btc0SxMkiLIhoHsg=="
    },
    "node_modules/ws": {
      "version": "7.5.13",
      "resolved": "https://registry.npmjs.org/ws/-/ws-7.5.13.tgz",
      "integrity": "sha512-rsKI6xDBFVf4r/x8XyChGK04QR/XHroxs/jUcoWvtEZM8TPU/X/uIY9B1CsSzYws9ZJb/6bbBu7dPhFW00CAoA==",
      "engines": {
        "node": ">=8.3.0"
      },
      "peerDependencies": {
        "bufferutil": "^4.0.1",
        "utf-8-validate": "^5.0.2"
      },
      "peerDependenciesMeta": {
        "bufferutil": {
          "optional": true
        },
        "utf-8-validate": {
          "optional": true
        }
      }
    }
  }
}
